
Microsoft Visual Studio Solution File, Format Version 12.00
# Visual Studio 2013
VisualStudioVersion = 12.0.21005.1
MinimumVisualStudioVersion = 10.0.40219.1
Project("{FAE04EC0-301F-11D3-BF4B-00C04F79EFBC}") = "OrdenarVetorParImpar", "OrdenarVetorParImpar\OrdenarVetorParImpar.csproj", "{D47EE8F2-1EF0-4644-8067-D5548AB59E30}"
EndProject
Project("{FAE04EC0-301F-11D3-BF4B-00C04F79EFBC}") = "Threading", "Threading\Threading.csproj", "{D43E5D7B-459C-4DBF-8703-74BF215FBCF0}"
EndProject
Global
	GlobalSection(SolutionConfigurationPlatforms) = preSolution
		Debug|Any CPU = Debug|Any CPU
		Release|Any CPU = Release|Any CPU
	EndGlobalSection
	GlobalSection(ProjectConfigurationPlatforms) = postSolution
		{D47EE8F2-1EF0-4644-8067-D5548AB59E30}.Debug|Any CPU.ActiveCfg = Debug|Any CPU
		{D47EE8F2-1EF0-4644-8067-D5548AB59E30}.Debug|Any CPU.Build.0 = Debug|Any CPU
		{D47EE8F2-1EF0-4644-8067-D5548AB59E30}.Release|Any CPU.ActiveCfg = Release|Any CPU
		{D47EE8F2-1EF0-4644-8067-D5548AB59E30}.Release|Any CPU.Build.0 = Release|Any CPU
		{D43E5D7B-459C-4DBF-8703-74BF215FBCF0}.Debug|Any CPU.ActiveCfg = Debug|Any CPU
		{D43E5D7B-459C-4DBF-8703-74BF215FBCF0}.Debug|Any CPU.Build.0 = Debug|Any CPU
		{D43E5D7B-459C-4DBF-8703-74BF215FBCF0}.Release|Any CPU.ActiveCfg = Release|Any CPU
		{D43E5D7B-459C-4DBF-8703-74BF215FBCF0}.Release|Any CPU.Build.0 = Release|Any CPU
	EndGlobalSection
	GlobalSection(SolutionProperties) = preSolution
		HideSolutionNode = FALSE
	EndGlobalSection
EndGlobal
