
Microsoft Visual Studio Solution File, Format Version 12.00
# Visual Studio 2013
VisualStudioVersion = 12.0.30110.0
MinimumVisualStudioVersion = 10.0.40219.1
Project("{FAE04EC0-301F-11D3-BF4B-00C04F79EFBC}") = "Etapa3-Passo2", "Etapa3\Etapa3-Passo2.csproj", "{E2ECB1F6-A1A5-42F3-98BC-AF60F471B893}"
EndProject
Project("{FAE04EC0-301F-11D3-BF4B-00C04F79EFBC}") = "Etapa3-Passo3", "Etapa3-Passo3\Etapa3-Passo3.csproj", "{EA1CC293-B29F-496E-8824-3B6EB4A42B13}"
EndProject
Project("{FAE04EC0-301F-11D3-BF4B-00C04F79EFBC}") = "Etapa4-Passo2", "Etapa4-Passo2\Etapa4-Passo2.csproj", "{C26A1561-BA4A-4732-BF4B-ACDC7E6AFDE6}"
EndProject
Project("{FAE04EC0-301F-11D3-BF4B-00C04F79EFBC}") = "Etapa4-Passo3", "Etapa4-Passo3\Etapa4-Passo3.csproj", "{96A7E350-8F8A-4F51-B668-5A387E0D4538}"
EndProject
Global
	GlobalSection(SolutionConfigurationPlatforms) = preSolution
		Debug|Any CPU = Debug|Any CPU
		Release|Any CPU = Release|Any CPU
	EndGlobalSection
	GlobalSection(ProjectConfigurationPlatforms) = postSolution
		{E2ECB1F6-A1A5-42F3-98BC-AF60F471B893}.Debug|Any CPU.ActiveCfg = Debug|Any CPU
		{E2ECB1F6-A1A5-42F3-98BC-AF60F471B893}.Debug|Any CPU.Build.0 = Debug|Any CPU
		{E2ECB1F6-A1A5-42F3-98BC-AF60F471B893}.Release|Any CPU.ActiveCfg = Release|Any CPU
		{E2ECB1F6-A1A5-42F3-98BC-AF60F471B893}.Release|Any CPU.Build.0 = Release|Any CPU
		{EA1CC293-B29F-496E-8824-3B6EB4A42B13}.Debug|Any CPU.ActiveCfg = Debug|Any CPU
		{EA1CC293-B29F-496E-8824-3B6EB4A42B13}.Debug|Any CPU.Build.0 = Debug|Any CPU
		{EA1CC293-B29F-496E-8824-3B6EB4A42B13}.Release|Any CPU.ActiveCfg = Release|Any CPU
		{EA1CC293-B29F-496E-8824-3B6EB4A42B13}.Release|Any CPU.Build.0 = Release|Any CPU
		{C26A1561-BA4A-4732-BF4B-ACDC7E6AFDE6}.Debug|Any CPU.ActiveCfg = Debug|Any CPU
		{C26A1561-BA4A-4732-BF4B-ACDC7E6AFDE6}.Debug|Any CPU.Build.0 = Debug|Any CPU
		{C26A1561-BA4A-4732-BF4B-ACDC7E6AFDE6}.Release|Any CPU.ActiveCfg = Release|Any CPU
		{C26A1561-BA4A-4732-BF4B-ACDC7E6AFDE6}.Release|Any CPU.Build.0 = Release|Any CPU
		{96A7E350-8F8A-4F51-B668-5A387E0D4538}.Debug|Any CPU.ActiveCfg = Debug|Any CPU
		{96A7E350-8F8A-4F51-B668-5A387E0D4538}.Debug|Any CPU.Build.0 = Debug|Any CPU
		{96A7E350-8F8A-4F51-B668-5A387E0D4538}.Release|Any CPU.ActiveCfg = Release|Any CPU
		{96A7E350-8F8A-4F51-B668-5A387E0D4538}.Release|Any CPU.Build.0 = Release|Any CPU
	EndGlobalSection
	GlobalSection(SolutionProperties) = preSolution
		HideSolutionNode = FALSE
	EndGlobalSection
EndGlobal
