
Microsoft Visual Studio Solution File, Format Version 12.00
# Visual Studio 2013
VisualStudioVersion = 12.0.21005.1
MinimumVisualStudioVersion = 10.0.40219.1
Project("{FAE04EC0-301F-11D3-BF4B-00C04F79EFBC}") = "Etapa_1_Passo2", "Etapa_1_Passo2\Etapa_1_Passo2.csproj", "{995DC126-1866-461D-A59E-1E042290F130}"
EndProject
Project("{FAE04EC0-301F-11D3-BF4B-00C04F79EFBC}") = "Etapa1_Passo3", "Etapa1_Passo3\Etapa1_Passo3.csproj", "{BE4DE9D7-4940-4358-878F-2A6B415EA918}"
EndProject
Project("{8BC9CEB8-8B4A-11D0-8D11-00A0C91BC942}") = "Etapa2_Passo2", "..\..\atps_c\APTS\Etapa2_Passo2\Etapa2_Passo2.vcxproj", "{0A4F4398-B248-45E7-B25D-1AF9DFBE3623}"
EndProject
Global
	GlobalSection(SolutionConfigurationPlatforms) = preSolution
		Debug|Any CPU = Debug|Any CPU
		Debug|Mixed Platforms = Debug|Mixed Platforms
		Debug|Win32 = Debug|Win32
		Release|Any CPU = Release|Any CPU
		Release|Mixed Platforms = Release|Mixed Platforms
		Release|Win32 = Release|Win32
	EndGlobalSection
	GlobalSection(ProjectConfigurationPlatforms) = postSolution
		{995DC126-1866-461D-A59E-1E042290F130}.Debug|Any CPU.ActiveCfg = Debug|Any CPU
		{995DC126-1866-461D-A59E-1E042290F130}.Debug|Any CPU.Build.0 = Debug|Any CPU
		{995DC126-1866-461D-A59E-1E042290F130}.Debug|Mixed Platforms.ActiveCfg = Debug|Any CPU
		{995DC126-1866-461D-A59E-1E042290F130}.Debug|Mixed Platforms.Build.0 = Debug|Any CPU
		{995DC126-1866-461D-A59E-1E042290F130}.Debug|Win32.ActiveCfg = Debug|Any CPU
		{995DC126-1866-461D-A59E-1E042290F130}.Release|Any CPU.ActiveCfg = Release|Any CPU
		{995DC126-1866-461D-A59E-1E042290F130}.Release|Any CPU.Build.0 = Release|Any CPU
		{995DC126-1866-461D-A59E-1E042290F130}.Release|Mixed Platforms.ActiveCfg = Release|Any CPU
		{995DC126-1866-461D-A59E-1E042290F130}.Release|Mixed Platforms.Build.0 = Release|Any CPU
		{995DC126-1866-461D-A59E-1E042290F130}.Release|Win32.ActiveCfg = Release|Any CPU
		{BE4DE9D7-4940-4358-878F-2A6B415EA918}.Debug|Any CPU.ActiveCfg = Debug|Any CPU
		{BE4DE9D7-4940-4358-878F-2A6B415EA918}.Debug|Any CPU.Build.0 = Debug|Any CPU
		{BE4DE9D7-4940-4358-878F-2A6B415EA918}.Debug|Mixed Platforms.ActiveCfg = Debug|Any CPU
		{BE4DE9D7-4940-4358-878F-2A6B415EA918}.Debug|Mixed Platforms.Build.0 = Debug|Any CPU
		{BE4DE9D7-4940-4358-878F-2A6B415EA918}.Debug|Win32.ActiveCfg = Debug|Any CPU
		{BE4DE9D7-4940-4358-878F-2A6B415EA918}.Release|Any CPU.ActiveCfg = Release|Any CPU
		{BE4DE9D7-4940-4358-878F-2A6B415EA918}.Release|Any CPU.Build.0 = Release|Any CPU
		{BE4DE9D7-4940-4358-878F-2A6B415EA918}.Release|Mixed Platforms.ActiveCfg = Release|Any CPU
		{BE4DE9D7-4940-4358-878F-2A6B415EA918}.Release|Mixed Platforms.Build.0 = Release|Any CPU
		{BE4DE9D7-4940-4358-878F-2A6B415EA918}.Release|Win32.ActiveCfg = Release|Any CPU
		{0A4F4398-B248-45E7-B25D-1AF9DFBE3623}.Debug|Any CPU.ActiveCfg = Debug|Win32
		{0A4F4398-B248-45E7-B25D-1AF9DFBE3623}.Debug|Mixed Platforms.ActiveCfg = Debug|Win32
		{0A4F4398-B248-45E7-B25D-1AF9DFBE3623}.Debug|Mixed Platforms.Build.0 = Debug|Win32
		{0A4F4398-B248-45E7-B25D-1AF9DFBE3623}.Debug|Win32.ActiveCfg = Debug|Win32
		{0A4F4398-B248-45E7-B25D-1AF9DFBE3623}.Debug|Win32.Build.0 = Debug|Win32
		{0A4F4398-B248-45E7-B25D-1AF9DFBE3623}.Release|Any CPU.ActiveCfg = Release|Win32
		{0A4F4398-B248-45E7-B25D-1AF9DFBE3623}.Release|Mixed Platforms.ActiveCfg = Release|Win32
		{0A4F4398-B248-45E7-B25D-1AF9DFBE3623}.Release|Mixed Platforms.Build.0 = Release|Win32
		{0A4F4398-B248-45E7-B25D-1AF9DFBE3623}.Release|Win32.ActiveCfg = Release|Win32
		{0A4F4398-B248-45E7-B25D-1AF9DFBE3623}.Release|Win32.Build.0 = Release|Win32
	EndGlobalSection
	GlobalSection(SolutionProperties) = preSolution
		HideSolutionNode = FALSE
	EndGlobalSection
EndGlobal
